<Solution>
  <Folder Name="/src/">
    <Project Path="src/PaymentGateway.Api/PaymentGateway.Api.csproj" />
    <Project Path="src/PaymentGateway.Application/PaymentGateway.Application.csproj" />
    <Project Path="src/PaymentGateway.Domain/PaymentGateway.Domain.csproj" />
    <Project Path="src/PaymentGateway.Infrastructure/PaymentGateway.Infrastructure.csproj" />
  </Folder>
  <Folder Name="/tests/">
    <Project Path="tests/PaymentGateway.IntegrationTests/PaymentGateway.IntegrationTests.csproj" />
    <Project Path="tests/PaymentGateway.UnitTests/PaymentGateway.UnitTests.csproj" />
  </Folder>
  <Folder Name="/tools/">
    <Project Path="tools/PaymentGateway.DemoRunner/PaymentGateway.DemoRunner.csproj" />
  </Folder>
</Solution>
